{
  "name": "@warren-bank/translate-subtitles",
  "version": "2.0.0",
  "lockfileVersion": 3,
  "requires": true,
  "packages": {
    "": {
      "name": "@warren-bank/translate-subtitles",
      "version": "2.0.0",
      "license": "GPL-2.0",
      "dependencies": {
        "@warren-bank/libre-language-translator": "^2.0.1",
        "@warren-bank/mkdir-sync": "^1.0.2",
        "@warren-bank/node-process-argv": "^1.2.2"
      },
      "bin": {
        "translate-subtitles": "bin/translate-subtitles.js"
      }
    },
    "node_modules/@warren-bank/libre-language-translator": {
      "version": "2.0.1",
      "resolved": "https://registry.npmjs.org/@warren-bank/libre-language-translator/-/libre-language-translator-2.0.1.tgz",
      "integrity": "sha512-LsgxR5a4j4CS6URzJpT9XKX7JyhmMDj6H6eorFro7xC/OUAQvCLpJAt3uqDSswONrbMZj/Sx7FSVwEpfn1f/dw==",
      "dependencies": {
        "@warren-bank/node-process-argv": "^1.2.2"
      },
      "bin": {
        "libre-translate": "bin/libre-translate.js"
      }
    },
    "node_modules/@warren-bank/mkdir-sync": {
      "version": "1.0.2",
      "resolved": "https://registry.npmjs.org/@warren-bank/mkdir-sync/-/mkdir-sync-1.0.2.tgz",
      "integrity": "sha512-jW810V8f+3n8Qg2AZQQz+j2NHCA/ztkpKyM2a/93myDA5/QZaPDtwf+Mx6mWrA8dkG2dmO5ymm3yfBotHw/Weg=="
    },
    "node_modules/@warren-bank/node-process-argv": {
      "version": "1.2.2",
      "resolved": "https://registry.npmjs.org/@warren-bank/node-process-argv/-/node-process-argv-1.2.2.tgz",
      "integrity": "sha512-wZWDntPdBaQURyCgUhFGumjyt3ZbKmG6uQBqeiVKDr4IwaSTEnd3HYoPYPcCC1qMLKhmCphyt3aJHPXuJKd7iw=="
    }
  }
}
